
Microsoft Visual Studio Solution File, Format Version 12.00
# Visual Studio Version 17
VisualStudioVersion = 17.9.34622.214
MinimumVisualStudioVersion = 10.0.40219.1
Project("{9A19103F-16F7-4668-BE54-9A1E7A4F7556}") = "AuthManager.API", "AuthManager.API\AuthManager.API.csproj", "{C5090A04-C2FC-47F8-A761-9BC7CAE6FE52}"
EndProject
Project("{FAE04EC0-301F-11D3-BF4B-00C04F79EFBC}") = "AuthManager.Tests", "AuthManager.Tests\AuthManager.Tests.csproj", "{57A8D297-8DD2-47A8-9CA3-522E92CEF6F5}"
EndProject
Global
	GlobalSection(SolutionConfigurationPlatforms) = preSolution
		Debug|Any CPU = Debug|Any CPU
		Release|Any CPU = Release|Any CPU
	EndGlobalSection
	GlobalSection(ProjectConfigurationPlatforms) = postSolution
		{C5090A04-C2FC-47F8-A761-9BC7CAE6FE52}.Debug|Any CPU.ActiveCfg = Debug|Any CPU
		{C5090A04-C2FC-47F8-A761-9BC7CAE6FE52}.Debug|Any CPU.Build.0 = Debug|Any CPU
		{C5090A04-C2FC-47F8-A761-9BC7CAE6FE52}.Release|Any CPU.ActiveCfg = Release|Any CPU
		{C5090A04-C2FC-47F8-A761-9BC7CAE6FE52}.Release|Any CPU.Build.0 = Release|Any CPU
		{57A8D297-8DD2-47A8-9CA3-522E92CEF6F5}.Debug|Any CPU.ActiveCfg = Debug|Any CPU
		{57A8D297-8DD2-47A8-9CA3-522E92CEF6F5}.Debug|Any CPU.Build.0 = Debug|Any CPU
		{57A8D297-8DD2-47A8-9CA3-522E92CEF6F5}.Release|Any CPU.ActiveCfg = Release|Any CPU
		{57A8D297-8DD2-47A8-9CA3-522E92CEF6F5}.Release|Any CPU.Build.0 = Release|Any CPU
	EndGlobalSection
	GlobalSection(SolutionProperties) = preSolution
		HideSolutionNode = FALSE
	EndGlobalSection
	GlobalSection(ExtensibilityGlobals) = postSolution
		SolutionGuid = {EFB8829F-494C-49CA-8FFD-9E0946D61F6F}
	EndGlobalSection
EndGlobal
